version = 1
revision = 3
requires-python = ">=3.13"

[[package]]
name = "click"
version = "8.3.0"
source = { registry = "https://pypi.org/simple" }
dependencies = [
    { name = "colorama", marker = "sys_platform == 'win32'" },
]
sdist = { url = "https://files.pythonhosted.org/packages/46/61/de6cd827efad202d7057d93e0fed9294b96952e188f7384832791c7b2254/click-8.3.0.tar.gz", hash = "sha256:e7b8232224eba16f4ebe410c25ced9f7875cb5f3263ffc93cc3e8da705e229c4", size = 276943, upload-time = "2025-09-18T17:32:23.696Z" }
wheels = [
    { url = "https://files.pythonhosted.org/packages/db/d3/9dcc0f5797f070ec8edf30fbadfb200e71d9db6b84d211e3b2085a7589a0/click-8.3.0-py3-none-any.whl", hash = "sha256:9b9f285302c6e3064f4330c05f05b81945b2a39544279343e6e7c5f27a9baddc", size = 107295, upload-time = "2025-09-18T17:32:22.42Z" },
]

[[package]]
name = "colorama"
version = "0.4.6"
source = { registry = "https://pypi.org/simple" }
sdist = { url = "https://files.pythonhosted.org/packages/d8/53/6f443c9a4a8358a93a6792e2acffb9d9d5cb0a5cfd8802644b7b1c9a02e4/colorama-0.4.6.tar.gz", hash = "sha256:08695f5cb7ed6e0531a20572697297273c47b8cae5a63ffc6d6ed5c201be6e44", size = 27697, upload-time = "2022-10-25T02:36:22.414Z" }
wheels = [
    { url = "https://files.pythonhosted.org/packages/d1/d6/3965ed04c63042e047cb6a3e6ed1a63a35087b6a609aa3a15ed8ac56c221/colorama-0.4.6-py2.py3-none-any.whl", hash = "sha256:4f1d9991f5acc0ca119f9d443620b77f9d6b33703e51011c16baf57afb285fc6", size = 25335, upload-time = "2022-10-25T02:36:20.889Z" },
]

[[package]]
name = "loguru"
version = "0.7.3"
source = { registry = "https://pypi.org/simple" }
dependencies = [
    { name = "colorama", marker = "sys_platform == 'win32'" },
    { name = "win32-setctime", marker = "sys_platform == 'win32'" },
]
sdist = { url = "https://files.pythonhosted.org/packages/3a/05/a1dae3dffd1116099471c643b8924f5aa6524411dc6c63fdae648c4f1aca/loguru-0.7.3.tar.gz", hash = "sha256:19480589e77d47b8d85b2c827ad95d49bf31b0dcde16593892eb51dd18706eb6", size = 63559, upload-time = "2024-12-06T11:20:56.608Z" }
wheels = [
    { url = "https://files.pythonhosted.org/packages/0c/29/0348de65b8cc732daa3e33e67806420b2ae89bdce2b04af740289c5c6c8c/loguru-0.7.3-py3-none-any.whl", hash = "sha256:31a33c10c8e1e10422bfd431aeb5d351c7cf7fa671e3c4df004162264b28220c", size = 61595, upload-time = "2024-12-06T11:20:54.538Z" },
]

[[package]]
name = "pyasynchat"
version = "1.0.4"
source = { registry = "https://pypi.org/simple" }
dependencies = [
    { name = "pyasyncore" },
]
sdist = { url = "https://files.pythonhosted.org/packages/8a/fd/aacc6309abcc5a388c66915829cd8175daccac583828fde40a1eea5768e4/pyasynchat-1.0.4.tar.gz", hash = "sha256:3f5333df649e46c56d48c57e6a4b7163fd07f626bfd884e22ef373ab3c3a4670", size = 9747, upload-time = "2024-02-28T08:55:35.794Z" }
wheels = [
    { url = "https://files.pythonhosted.org/packages/c2/4f/b4a7aa2a35858d40f970bdb63ab3e9deda35d0d2116b9175f929f37d764d/pyasynchat-1.0.4-py3-none-any.whl", hash = "sha256:167feb25d635a01b61338e17e9ab1e3372cd9274005af4083dcda52d51f64a76", size = 7753, upload-time = "2024-02-28T08:55:34.638Z" },
]

[[package]]
name = "pyasyncore"
version = "1.0.4"
source = { registry = "https://pypi.org/simple" }
sdist = { url = "https://files.pythonhosted.org/packages/25/6e/956e2bc9b47e3310cd524036f506b779a77788c2a1eb732e544240ad346f/pyasyncore-1.0.4.tar.gz", hash = "sha256:2c7a8b9b750ba6260f1e5a061456d61320a80579c6a43d42183417da89c7d5d6", size = 15339, upload-time = "2024-02-28T08:49:47.234Z" }
wheels = [
    { url = "https://files.pythonhosted.org/packages/38/46/aaa0999302d7a584a033ec23b6ca21a452cf9c7f6d8dce8d174ac407eb3f/pyasyncore-1.0.4-py3-none-any.whl", hash = "sha256:9e5f6dc9dc057c56370b7a5cdb4c4670fd4b0556de2913ed1f428cd6a5366895", size = 10032, upload-time = "2024-02-28T08:49:45.696Z" },
]

[[package]]
name = "pyftpdlib"
version = "2.0.1"
source = { registry = "https://pypi.org/simple" }
dependencies = [
    { name = "pyasynchat" },
    { name = "pyasyncore" },
]
sdist = { url = "https://files.pythonhosted.org/packages/b4/0c/32bf0a7c88efe147bc3bc6586216d92269d196c59f149b05efa973834946/pyftpdlib-2.0.1.tar.gz", hash = "sha256:ef0d172a82bfae10e2dec222e87533514609d41bf4b0fd0f07e29d4380fb96bf", size = 202285, upload-time = "2024-10-22T13:43:35.378Z" }

[[package]]
name = "simple-ftp-server"
version = "0.1.0"
source = { virtual = "." }
dependencies = [
    { name = "click" },
    { name = "loguru" },
    { name = "pyftpdlib" },
]

[package.metadata]
requires-dist = [
    { name = "click", specifier = ">=8.3.0" },
    { name = "loguru", specifier = ">=0.7.3" },
    { name = "pyftpdlib", specifier = ">=2.0.1" },
]

[[package]]
name = "win32-setctime"
version = "1.2.0"
source = { registry = "https://pypi.org/simple" }
sdist = { url = "https://files.pythonhosted.org/packages/b3/8f/705086c9d734d3b663af0e9bb3d4de6578d08f46b1b101c2442fd9aecaa2/win32_setctime-1.2.0.tar.gz", hash = "sha256:ae1fdf948f5640aae05c511ade119313fb6a30d7eabe25fef9764dca5873c4c0", size = 4867, upload-time = "2024-12-07T15:28:28.314Z" }
wheels = [
    { url = "https://files.pythonhosted.org/packages/e1/07/c6fe3ad3e685340704d314d765b7912993bcb8dc198f0e7a89382d37974b/win32_setctime-1.2.0-py3-none-any.whl", hash = "sha256:95d644c4e708aba81dc3704a116d8cbc974d70b3bdb8be1d150e36be6e9d1390", size = 4083, upload-time = "2024-12-07T15:28:26.465Z" },
]
